
Microsoft Visual Studio Solution File, Format Version 12.00
Project("{FAE04EC0-301F-11D3-BF4B-00C04F79EFBC}") = "BuberDinner.WebApi", "BuberDinner.WebApi\BuberDinner.WebApi.csproj", "{6D907EDF-619A-4901-86C1-19D80841213D}"
EndProject
Project("{FAE04EC0-301F-11D3-BF4B-00C04F79EFBC}") = "BuberDinner.Infrastructure", "BuberDinner.Infrastructure\BuberDinner.Infrastructure.csproj", "{FE3D39C7-4A82-40AC-B4C8-83DD0575AC23}"
EndProject
Project("{FAE04EC0-301F-11D3-BF4B-00C04F79EFBC}") = "BuberDinner.Domain", "BuberDinner.Domain\BuberDinner.Domain.csproj", "{EDCF3EC1-F6E0-4073-84C9-3509F334783B}"
EndProject
Project("{FAE04EC0-301F-11D3-BF4B-00C04F79EFBC}") = "BuberDinner.Application", "BuberDinner.Application\BuberDinner.Application.csproj", "{981B839C-1E16-41F2-A0E7-D7A2381835DD}"
EndProject
Project("{FAE04EC0-301F-11D3-BF4B-00C04F79EFBC}") = "BuberDinner.Contracts", "BuberDinner.Contracts\BuberDinner.Contracts.csproj", "{046A299E-88A6-4B2C-9773-74D824840DAC}"
EndProject
Global
	GlobalSection(SolutionConfigurationPlatforms) = preSolution
		Debug|Any CPU = Debug|Any CPU
		Release|Any CPU = Release|Any CPU
	EndGlobalSection
	GlobalSection(ProjectConfigurationPlatforms) = postSolution
		{6D907EDF-619A-4901-86C1-19D80841213D}.Debug|Any CPU.ActiveCfg = Debug|Any CPU
		{6D907EDF-619A-4901-86C1-19D80841213D}.Debug|Any CPU.Build.0 = Debug|Any CPU
		{6D907EDF-619A-4901-86C1-19D80841213D}.Release|Any CPU.ActiveCfg = Release|Any CPU
		{6D907EDF-619A-4901-86C1-19D80841213D}.Release|Any CPU.Build.0 = Release|Any CPU
		{FE3D39C7-4A82-40AC-B4C8-83DD0575AC23}.Debug|Any CPU.ActiveCfg = Debug|Any CPU
		{FE3D39C7-4A82-40AC-B4C8-83DD0575AC23}.Debug|Any CPU.Build.0 = Debug|Any CPU
		{FE3D39C7-4A82-40AC-B4C8-83DD0575AC23}.Release|Any CPU.ActiveCfg = Release|Any CPU
		{FE3D39C7-4A82-40AC-B4C8-83DD0575AC23}.Release|Any CPU.Build.0 = Release|Any CPU
		{EDCF3EC1-F6E0-4073-84C9-3509F334783B}.Debug|Any CPU.ActiveCfg = Debug|Any CPU
		{EDCF3EC1-F6E0-4073-84C9-3509F334783B}.Debug|Any CPU.Build.0 = Debug|Any CPU
		{EDCF3EC1-F6E0-4073-84C9-3509F334783B}.Release|Any CPU.ActiveCfg = Release|Any CPU
		{EDCF3EC1-F6E0-4073-84C9-3509F334783B}.Release|Any CPU.Build.0 = Release|Any CPU
		{981B839C-1E16-41F2-A0E7-D7A2381835DD}.Debug|Any CPU.ActiveCfg = Debug|Any CPU
		{981B839C-1E16-41F2-A0E7-D7A2381835DD}.Debug|Any CPU.Build.0 = Debug|Any CPU
		{981B839C-1E16-41F2-A0E7-D7A2381835DD}.Release|Any CPU.ActiveCfg = Release|Any CPU
		{981B839C-1E16-41F2-A0E7-D7A2381835DD}.Release|Any CPU.Build.0 = Release|Any CPU
		{046A299E-88A6-4B2C-9773-74D824840DAC}.Debug|Any CPU.ActiveCfg = Debug|Any CPU
		{046A299E-88A6-4B2C-9773-74D824840DAC}.Debug|Any CPU.Build.0 = Debug|Any CPU
		{046A299E-88A6-4B2C-9773-74D824840DAC}.Release|Any CPU.ActiveCfg = Release|Any CPU
		{046A299E-88A6-4B2C-9773-74D824840DAC}.Release|Any CPU.Build.0 = Release|Any CPU
	EndGlobalSection
	GlobalSection(NestedProjects) = preSolution
	EndGlobalSection
EndGlobal
